
Microsoft Visual Studio Solution File, Format Version 12.00
# Visual Studio Version 17
VisualStudioVersion = 17.9.34622.214
MinimumVisualStudioVersion = 10.0.40219.1
Project("{9A19103F-16F7-4668-BE54-9A1E7A4F7556}") = "lib.remnant2.analyzer", "lib.remnant2.analyzer.csproj", "{32920C89-92BD-4C9A-975E-1674B8CDBFA2}"
EndProject
Global
	GlobalSection(SolutionConfigurationPlatforms) = preSolution
		Debug|Any CPU = Debug|Any CPU
		Release|Any CPU = Release|Any CPU
	EndGlobalSection
	GlobalSection(ProjectConfigurationPlatforms) = postSolution
		{32920C89-92BD-4C9A-975E-1674B8CDBFA2}.Debug|Any CPU.ActiveCfg = Debug|Any CPU
		{32920C89-92BD-4C9A-975E-1674B8CDBFA2}.Debug|Any CPU.Build.0 = Debug|Any CPU
		{32920C89-92BD-4C9A-975E-1674B8CDBFA2}.Release|Any CPU.ActiveCfg = Release|Any CPU
		{32920C89-92BD-4C9A-975E-1674B8CDBFA2}.Release|Any CPU.Build.0 = Release|Any CPU
	EndGlobalSection
	GlobalSection(SolutionProperties) = preSolution
		HideSolutionNode = FALSE
	EndGlobalSection
	GlobalSection(ExtensibilityGlobals) = postSolution
		SolutionGuid = {B550BF96-6519-43F5-93CC-878CC17AA273}
	EndGlobalSection
EndGlobal
